
Microsoft Visual Studio Solution File, Format Version 12.00
# Visual Studio Version 17
VisualStudioVersion = 17.3.32825.248
MinimumVisualStudioVersion = 10.0.40219.1
Project("{FAE04EC0-301F-11D3-BF4B-00C04F79EFBC}") = "ClassRoomNet60", "ClassRoomNet60\ClassRoomNet60.csproj", "{1F346B5E-758B-4097-B1A1-1621897D1AFF}"
EndProject
Global
	GlobalSection(SolutionConfigurationPlatforms) = preSolution
		Debug|Any CPU = Debug|Any CPU
		Release|Any CPU = Release|Any CPU
	EndGlobalSection
	GlobalSection(ProjectConfigurationPlatforms) = postSolution
		{1F346B5E-758B-4097-B1A1-1621897D1AFF}.Debug|Any CPU.ActiveCfg = Debug|Any CPU
		{1F346B5E-758B-4097-B1A1-1621897D1AFF}.Debug|Any CPU.Build.0 = Debug|Any CPU
		{1F346B5E-758B-4097-B1A1-1621897D1AFF}.Release|Any CPU.ActiveCfg = Release|Any CPU
		{1F346B5E-758B-4097-B1A1-1621897D1AFF}.Release|Any CPU.Build.0 = Release|Any CPU
	EndGlobalSection
	GlobalSection(SolutionProperties) = preSolution
		HideSolutionNode = FALSE
	EndGlobalSection
	GlobalSection(ExtensibilityGlobals) = postSolution
		SolutionGuid = {674E8D12-FCE0-4D51-91DC-BF7B61C4A96C}
	EndGlobalSection
EndGlobal
